
Microsoft Visual Studio Solution File, Format Version 12.00
# Visual Studio Version 17
VisualStudioVersion = 17.5.33424.131
MinimumVisualStudioVersion = 10.0.40219.1
Project("{9A19103F-16F7-4668-BE54-9A1E7A4F7556}") = "Jetstream.Sdk", "Jetstream.Sdk\Jetstream.Sdk.csproj", "{76870EAB-5C0C-4A12-98A9-08D9980E5B96}"
EndProject
Project("{9A19103F-16F7-4668-BE54-9A1E7A4F7556}") = "Jetstream.Sdk.Tests", "Jetstream.Sdk.Tests\Jetstream.Sdk.Tests.csproj", "{F76D7B76-9609-4794-BED8-EC10C233E10F}"
EndProject
Project("{2150E333-8FDC-42A3-9474-1A3956D46DE8}") = "Solution Items", "Solution Items", "{A47E70DA-A6FF-4529-B761-48C5D7A340DE}"
	ProjectSection(SolutionItems) = preProject
		.gitattributes = .gitattributes
		.gitignore = .gitignore
		.tfignore = .tfignore
		LICENSE = LICENSE
		README.md = README.md
		_config.yml = _config.yml
	EndProjectSection
EndProject
Global
	GlobalSection(SolutionConfigurationPlatforms) = preSolution
		Debug|Any CPU = Debug|Any CPU
		Release|Any CPU = Release|Any CPU
	EndGlobalSection
	GlobalSection(ProjectConfigurationPlatforms) = postSolution
		{76870EAB-5C0C-4A12-98A9-08D9980E5B96}.Debug|Any CPU.ActiveCfg = Debug|Any CPU
		{76870EAB-5C0C-4A12-98A9-08D9980E5B96}.Debug|Any CPU.Build.0 = Debug|Any CPU
		{76870EAB-5C0C-4A12-98A9-08D9980E5B96}.Release|Any CPU.ActiveCfg = Release|Any CPU
		{76870EAB-5C0C-4A12-98A9-08D9980E5B96}.Release|Any CPU.Build.0 = Release|Any CPU
		{F76D7B76-9609-4794-BED8-EC10C233E10F}.Debug|Any CPU.ActiveCfg = Debug|Any CPU
		{F76D7B76-9609-4794-BED8-EC10C233E10F}.Debug|Any CPU.Build.0 = Debug|Any CPU
		{F76D7B76-9609-4794-BED8-EC10C233E10F}.Release|Any CPU.ActiveCfg = Release|Any CPU
		{F76D7B76-9609-4794-BED8-EC10C233E10F}.Release|Any CPU.Build.0 = Release|Any CPU
	EndGlobalSection
	GlobalSection(SolutionProperties) = preSolution
		HideSolutionNode = FALSE
	EndGlobalSection
	GlobalSection(ExtensibilityGlobals) = postSolution
		SolutionGuid = {42D26033-97E7-49BE-B1F4-5277AF30B5CD}
	EndGlobalSection
	GlobalSection(TeamFoundationVersionControl) = preSolution
		SccNumberOfProjects = 3
		SccEnterpriseProvider = {4CA58AB2-18FA-4F8D-95D4-32DDF27D184C}
		SccTeamFoundationServer = https://dev.azure.com/tersosolutions
		SccLocalPath0 = .
		SccProjectUniqueName1 = Jetstream.Sdk\\Jetstream.Sdk.csproj
		SccProjectName1 = Jetstream.Sdk
		SccLocalPath1 = Jetstream.Sdk
		SccProjectUniqueName2 = Jetstream.Sdk.Tests\\Jetstream.Sdk.Tests.csproj
		SccProjectName2 = Jetstream.Sdk.Tests
		SccLocalPath2 = Jetstream.Sdk.Tests
	EndGlobalSection
EndGlobal
